
Microsoft Visual Studio Solution File, Format Version 12.00
# Visual Studio Version 16
VisualStudioVersion = 16.0.31025.194
MinimumVisualStudioVersion = 10.0.40219.1
Project("{FAE04EC0-301F-11D3-BF4B-00C04F79EFBC}") = "ContactEntrySystem", "ContactEntrySystem\ContactEntrySystem.csproj", "{3F810990-DCCF-456A-AEB3-737BFE00A756}"
EndProject
Project("{FAE04EC0-301F-11D3-BF4B-00C04F79EFBC}") = "ContactsUnitTest", "ContactsUnitTest\ContactsUnitTest.csproj", "{F2280038-E9B0-46FB-A8A7-61E9C63DCD6C}"
EndProject
Global
	GlobalSection(SolutionConfigurationPlatforms) = preSolution
		Debug|Any CPU = Debug|Any CPU
		Release|Any CPU = Release|Any CPU
	EndGlobalSection
	GlobalSection(ProjectConfigurationPlatforms) = postSolution
		{3F810990-DCCF-456A-AEB3-737BFE00A756}.Debug|Any CPU.ActiveCfg = Debug|Any CPU
		{3F810990-DCCF-456A-AEB3-737BFE00A756}.Debug|Any CPU.Build.0 = Debug|Any CPU
		{3F810990-DCCF-456A-AEB3-737BFE00A756}.Release|Any CPU.ActiveCfg = Release|Any CPU
		{3F810990-DCCF-456A-AEB3-737BFE00A756}.Release|Any CPU.Build.0 = Release|Any CPU
		{F2280038-E9B0-46FB-A8A7-61E9C63DCD6C}.Debug|Any CPU.ActiveCfg = Debug|Any CPU
		{F2280038-E9B0-46FB-A8A7-61E9C63DCD6C}.Debug|Any CPU.Build.0 = Debug|Any CPU
		{F2280038-E9B0-46FB-A8A7-61E9C63DCD6C}.Release|Any CPU.ActiveCfg = Release|Any CPU
		{F2280038-E9B0-46FB-A8A7-61E9C63DCD6C}.Release|Any CPU.Build.0 = Release|Any CPU
	EndGlobalSection
	GlobalSection(SolutionProperties) = preSolution
		HideSolutionNode = FALSE
	EndGlobalSection
	GlobalSection(ExtensibilityGlobals) = postSolution
		SolutionGuid = {C45DD0B7-49A1-4D0D-94EA-CAB4430C8EEE}
	EndGlobalSection
EndGlobal
